
Microsoft Visual Studio Solution File, Format Version 12.00
# Visual Studio 14
VisualStudioVersion = 14.0.25420.1
MinimumVisualStudioVersion = 10.0.40219.1
Project("{8BC9CEB8-8B4A-11D0-8D11-00A0C91BC942}") = "数据结构之排列组合算法", "数据结构之排列组合算法\数据结构之排列组合算法.vcxproj", "{0B510C09-6CFC-4E19-AD65-6728A68C037D}"
EndProject
Project("{8BC9CEB8-8B4A-11D0-8D11-00A0C91BC942}") = "数据结构之排列组合迭代实现", "数据结构之排列组合迭代实现\数据结构之排列组合迭代实现.vcxproj", "{591A1642-8F6D-4C6B-92DE-677017D58D4D}"
EndProject
Global
	GlobalSection(SolutionConfigurationPlatforms) = preSolution
		Debug|x64 = Debug|x64
		Debug|x86 = Debug|x86
		Release|x64 = Release|x64
		Release|x86 = Release|x86
	EndGlobalSection
	GlobalSection(ProjectConfigurationPlatforms) = postSolution
		{0B510C09-6CFC-4E19-AD65-6728A68C037D}.Debug|x64.ActiveCfg = Debug|x64
		{0B510C09-6CFC-4E19-AD65-6728A68C037D}.Debug|x64.Build.0 = Debug|x64
		{0B510C09-6CFC-4E19-AD65-6728A68C037D}.Debug|x86.ActiveCfg = Debug|Win32
		{0B510C09-6CFC-4E19-AD65-6728A68C037D}.Debug|x86.Build.0 = Debug|Win32
		{0B510C09-6CFC-4E19-AD65-6728A68C037D}.Release|x64.ActiveCfg = Release|x64
		{0B510C09-6CFC-4E19-AD65-6728A68C037D}.Release|x64.Build.0 = Release|x64
		{0B510C09-6CFC-4E19-AD65-6728A68C037D}.Release|x86.ActiveCfg = Release|Win32
		{0B510C09-6CFC-4E19-AD65-6728A68C037D}.Release|x86.Build.0 = Release|Win32
		{591A1642-8F6D-4C6B-92DE-677017D58D4D}.Debug|x64.ActiveCfg = Debug|x64
		{591A1642-8F6D-4C6B-92DE-677017D58D4D}.Debug|x64.Build.0 = Debug|x64
		{591A1642-8F6D-4C6B-92DE-677017D58D4D}.Debug|x86.ActiveCfg = Debug|Win32
		{591A1642-8F6D-4C6B-92DE-677017D58D4D}.Debug|x86.Build.0 = Debug|Win32
		{591A1642-8F6D-4C6B-92DE-677017D58D4D}.Release|x64.ActiveCfg = Release|x64
		{591A1642-8F6D-4C6B-92DE-677017D58D4D}.Release|x64.Build.0 = Release|x64
		{591A1642-8F6D-4C6B-92DE-677017D58D4D}.Release|x86.ActiveCfg = Release|Win32
		{591A1642-8F6D-4C6B-92DE-677017D58D4D}.Release|x86.Build.0 = Release|Win32
	EndGlobalSection
	GlobalSection(SolutionProperties) = preSolution
		HideSolutionNode = FALSE
	EndGlobalSection
EndGlobal
