
Microsoft Visual Studio Solution File, Format Version 12.00
# Visual Studio 14
VisualStudioVersion = 14.0.25420.1
MinimumVisualStudioVersion = 10.0.40219.1
Project("{8BC9CEB8-8B4A-11D0-8D11-00A0C91BC942}") = "迭代阶乘", "数据结构之阶乘实现\数据结构之阶乘实现.vcxproj", "{3F817847-7D70-46FC-9827-C5623C92F51E}"
EndProject
Project("{8BC9CEB8-8B4A-11D0-8D11-00A0C91BC942}") = "递归阶乘", "递归阶乘\递归阶乘.vcxproj", "{397BC197-3C9D-4021-B8B7-470FBBD75552}"
EndProject
Global
	GlobalSection(SolutionConfigurationPlatforms) = preSolution
		Debug|x64 = Debug|x64
		Debug|x86 = Debug|x86
		Release|x64 = Release|x64
		Release|x86 = Release|x86
	EndGlobalSection
	GlobalSection(ProjectConfigurationPlatforms) = postSolution
		{3F817847-7D70-46FC-9827-C5623C92F51E}.Debug|x64.ActiveCfg = Debug|x64
		{3F817847-7D70-46FC-9827-C5623C92F51E}.Debug|x64.Build.0 = Debug|x64
		{3F817847-7D70-46FC-9827-C5623C92F51E}.Debug|x86.ActiveCfg = Debug|Win32
		{3F817847-7D70-46FC-9827-C5623C92F51E}.Debug|x86.Build.0 = Debug|Win32
		{3F817847-7D70-46FC-9827-C5623C92F51E}.Release|x64.ActiveCfg = Release|x64
		{3F817847-7D70-46FC-9827-C5623C92F51E}.Release|x64.Build.0 = Release|x64
		{3F817847-7D70-46FC-9827-C5623C92F51E}.Release|x86.ActiveCfg = Release|Win32
		{3F817847-7D70-46FC-9827-C5623C92F51E}.Release|x86.Build.0 = Release|Win32
		{397BC197-3C9D-4021-B8B7-470FBBD75552}.Debug|x64.ActiveCfg = Debug|x64
		{397BC197-3C9D-4021-B8B7-470FBBD75552}.Debug|x64.Build.0 = Debug|x64
		{397BC197-3C9D-4021-B8B7-470FBBD75552}.Debug|x86.ActiveCfg = Debug|Win32
		{397BC197-3C9D-4021-B8B7-470FBBD75552}.Debug|x86.Build.0 = Debug|Win32
		{397BC197-3C9D-4021-B8B7-470FBBD75552}.Release|x64.ActiveCfg = Release|x64
		{397BC197-3C9D-4021-B8B7-470FBBD75552}.Release|x64.Build.0 = Release|x64
		{397BC197-3C9D-4021-B8B7-470FBBD75552}.Release|x86.ActiveCfg = Release|Win32
		{397BC197-3C9D-4021-B8B7-470FBBD75552}.Release|x86.Build.0 = Release|Win32
	EndGlobalSection
	GlobalSection(SolutionProperties) = preSolution
		HideSolutionNode = FALSE
	EndGlobalSection
EndGlobal
